// !$*UTF8*$!
{
	archiveVersion = 1;
	classes = {
	};
	objectVersion = 46;
	objects = {

/* Begin PBXBuildFile section */
		84F2F07A19E9692B00A6A97F /* main.m in Sources */ = {isa = PBXBuildFile; fileRef = 84F2F07919E9692B00A6A97F /* main.m */; };
		84F2F07D19E9692B00A6A97F /* AppDelegate.m in Sources */ = {isa = PBXBuildFile; fileRef = 84F2F07C19E9692B00A6A97F /* AppDelegate.m */; };
		84F2F08019E9692B00A6A97F /* ViewController.m in Sources */ = {isa = PBXBuildFile; fileRef = 84F2F07F19E9692B00A6A97F /* ViewController.m */; };
		84F2F08319E9692B00A6A97F /* Main.storyboard in Resources */ = {isa = PBXBuildFile; fileRef = 84F2F08119E9692B00A6A97F /* Main.storyboard */; };
		84F2F08519E9692B00A6A97F /* Images.xcassets in Resources */ = {isa = PBXBuildFile; fileRef = 84F2F08419E9692B00A6A97F /* Images.xcassets */; };
		84F2F08819E9692B00A6A97F /* LaunchScreen.xib in Resources */ = {isa = PBXBuildFile; fileRef = 84F2F08619E9692B00A6A97F /* LaunchScreen.xib */; };
		84F2F09419E9692B00A6A97F /* SmartCardTests.m in Sources */ = {isa = PBXBuildFile; fileRef = 84F2F09319E9692B00A6A97F /* SmartCardTests.m */; };
		84F2F0B119E9BD7600A6A97F /* AFHTTPRequestOperation.m in Sources */ = {isa = PBXBuildFile; fileRef = 84F2F09F19E9BD7600A6A97F /* AFHTTPRequestOperation.m */; };
		84F2F0B219E9BD7600A6A97F /* AFHTTPRequestOperationManager.m in Sources */ = {isa = PBXBuildFile; fileRef = 84F2F0A119E9BD7600A6A97F /* AFHTTPRequestOperationManager.m */; };
		84F2F0B319E9BD7600A6A97F /* AFHTTPSessionManager.m in Sources */ = {isa = PBXBuildFile; fileRef = 84F2F0A319E9BD7600A6A97F /* AFHTTPSessionManager.m */; };
		84F2F0B419E9BD7600A6A97F /* AFNetworkReachabilityManager.m in Sources */ = {isa = PBXBuildFile; fileRef = 84F2F0A619E9BD7600A6A97F /* AFNetworkReachabilityManager.m */; };
		84F2F0B519E9BD7600A6A97F /* AFSecurityPolicy.m in Sources */ = {isa = PBXBuildFile; fileRef = 84F2F0A819E9BD7600A6A97F /* AFSecurityPolicy.m */; };
		84F2F0B619E9BD7600A6A97F /* AFURLConnectionOperation.m in Sources */ = {isa = PBXBuildFile; fileRef = 84F2F0AA19E9BD7600A6A97F /* AFURLConnectionOperation.m */; };
		84F2F0B719E9BD7600A6A97F /* AFURLRequestSerialization.m in Sources */ = {isa = PBXBuildFile; fileRef = 84F2F0AC19E9BD7600A6A97F /* AFURLRequestSerialization.m */; };
		84F2F0B819E9BD7600A6A97F /* AFURLResponseSerialization.m in Sources */ = {isa = PBXBuildFile; fileRef = 84F2F0AE19E9BD7600A6A97F /* AFURLResponseSerialization.m */; };
		84F2F0B919E9BD7600A6A97F /* AFURLSessionManager.m in Sources */ = {isa = PBXBuildFile; fileRef = 84F2F0B019E9BD7600A6A97F /* AFURLSessionManager.m */; };
		84F2F0CC19E9BD8300A6A97F /* AFNetworkActivityIndicatorManager.m in Sources */ = {isa = PBXBuildFile; fileRef = 84F2F0BC19E9BD8300A6A97F /* AFNetworkActivityIndicatorManager.m */; };
		84F2F0CD19E9BD8300A6A97F /* UIActivityIndicatorView+AFNetworking.m in Sources */ = {isa = PBXBuildFile; fileRef = 84F2F0BE19E9BD8300A6A97F /* UIActivityIndicatorView+AFNetworking.m */; };
		84F2F0CE19E9BD8300A6A97F /* UIAlertView+AFNetworking.m in Sources */ = {isa = PBXBuildFile; fileRef = 84F2F0C019E9BD8300A6A97F /* UIAlertView+AFNetworking.m */; };
		84F2F0CF19E9BD8300A6A97F /* UIButton+AFNetworking.m in Sources */ = {isa = PBXBuildFile; fileRef = 84F2F0C219E9BD8300A6A97F /* UIButton+AFNetworking.m */; };
		84F2F0D019E9BD8300A6A97F /* UIImageView+AFNetworking.m in Sources */ = {isa = PBXBuildFile; fileRef = 84F2F0C419E9BD8300A6A97F /* UIImageView+AFNetworking.m */; };
		84F2F0D119E9BD8300A6A97F /* UIProgressView+AFNetworking.m in Sources */ = {isa = PBXBuildFile; fileRef = 84F2F0C719E9BD8300A6A97F /* UIProgressView+AFNetworking.m */; };
		84F2F0D219E9BD8300A6A97F /* UIRefreshControl+AFNetworking.m in Sources */ = {isa = PBXBuildFile; fileRef = 84F2F0C919E9BD8300A6A97F /* UIRefreshControl+AFNetworking.m */; };
		84F2F0D319E9BD8300A6A97F /* UIWebView+AFNetworking.m in Sources */ = {isa = PBXBuildFile; fileRef = 84F2F0CB19E9BD8300A6A97F /* UIWebView+AFNetworking.m */; };
/* End PBXBuildFile section */

/* Begin PBXContainerItemProxy section */
		84F2F08E19E9692B00A6A97F /* PBXContainerItemProxy */ = {
			isa = PBXContainerItemProxy;
			containerPortal = 84F2F06C19E9692B00A6A97F /* Project object */;
			proxyType = 1;
			remoteGlobalIDString = 84F2F07319E9692B00A6A97F;
			remoteInfo = SmartCard;
		};
/* End PBXContainerItemProxy section */

/* Begin PBXFileReference section */
		84F2F07419E9692B00A6A97F /* SmartCard.app */ = {isa = PBXFileReference; explicitFileType = wrapper.application; includeInIndex = 0; path = SmartCard.app; sourceTree = BUILT_PRODUCTS_DIR; };
		84F2F07819E9692B00A6A97F /* Info.plist */ = {isa = PBXFileReference; lastKnownFileType = text.plist.xml; path = Info.plist; sourceTree = "<group>"; };
		84F2F07919E9692B00A6A97F /* main.m */ = {isa = PBXFileReference; lastKnownFileType = sourcecode.c.objc; path = main.m; sourceTree = "<group>"; };
		84F2F07B19E9692B00A6A97F /* AppDelegate.h */ = {isa = PBXFileReference; lastKnownFileType = sourcecode.c.h; path = AppDelegate.h; sourceTree = "<group>"; };
		84F2F07C19E9692B00A6A97F /* AppDelegate.m */ = {isa = PBXFileReference; lastKnownFileType = sourcecode.c.objc; path = AppDelegate.m; sourceTree = "<group>"; };
		84F2F07E19E9692B00A6A97F /* ViewController.h */ = {isa = PBXFileReference; lastKnownFileType = sourcecode.c.h; path = ViewController.h; sourceTree = "<group>"; };
		84F2F07F19E9692B00A6A97F /* ViewController.m */ = {isa = PBXFileReference; lastKnownFileType = sourcecode.c.objc; path = ViewController.m; sourceTree = "<group>"; };
		84F2F08219E9692B00A6A97F /* Base */ = {isa = PBXFileReference; lastKnownFileType = file.storyboard; name = Base; path = Base.lproj/Main.storyboard; sourceTree = "<group>"; };
		84F2F08419E9692B00A6A97F /* Images.xcassets */ = {isa = PBXFileReference; lastKnownFileType = folder.assetcatalog; path = Images.xcassets; sourceTree = "<group>"; };
		84F2F08719E9692B00A6A97F /* Base */ = {isa = PBXFileReference; lastKnownFileType = file.xib; name = Base; path = Base.lproj/LaunchScreen.xib; sourceTree = "<group>"; };
		84F2F08D19E9692B00A6A97F /* SmartCardTests.xctest */ = {isa = PBXFileReference; explicitFileType = wrapper.cfbundle; includeInIndex = 0; path = SmartCardTests.xctest; sourceTree = BUILT_PRODUCTS_DIR; };
		84F2F09219E9692B00A6A97F /* Info.plist */ = {isa = PBXFileReference; lastKnownFileType = text.plist.xml; path = Info.plist; sourceTree = "<group>"; };
		84F2F09319E9692B00A6A97F /* SmartCardTests.m */ = {isa = PBXFileReference; lastKnownFileType = sourcecode.c.objc; path = SmartCardTests.m; sourceTree = "<group>"; };
		84F2F09E19E9BD7600A6A97F /* AFHTTPRequestOperation.h */ = {isa = PBXFileReference; fileEncoding = 4; lastKnownFileType = sourcecode.c.h; path = AFHTTPRequestOperation.h; sourceTree = "<group>"; };
		84F2F09F19E9BD7600A6A97F /* AFHTTPRequestOperation.m */ = {isa = PBXFileReference; fileEncoding = 4; lastKnownFileType = sourcecode.c.objc; path = AFHTTPRequestOperation.m; sourceTree = "<group>"; };
		84F2F0A019E9BD7600A6A97F /* AFHTTPRequestOperationManager.h */ = {isa = PBXFileReference; fileEncoding = 4; lastKnownFileType = sourcecode.c.h; path = AFHTTPRequestOperationManager.h; sourceTree = "<group>"; };
		84F2F0A119E9BD7600A6A97F /* AFHTTPRequestOperationManager.m */ = {isa = PBXFileReference; fileEncoding = 4; lastKnownFileType = sourcecode.c.objc; path = AFHTTPRequestOperationManager.m; sourceTree = "<group>"; };
		84F2F0A219E9BD7600A6A97F /* AFHTTPSessionManager.h */ = {isa = PBXFileReference; fileEncoding = 4; lastKnownFileType = sourcecode.c.h; path = AFHTTPSessionManager.h; sourceTree = "<group>"; };
		84F2F0A319E9BD7600A6A97F /* AFHTTPSessionManager.m */ = {isa = PBXFileReference; fileEncoding = 4; lastKnownFileType = sourcecode.c.objc; path = AFHTTPSessionManager.m; sourceTree = "<group>"; };
		84F2F0A419E9BD7600A6A97F /* AFNetworking.h */ = {isa = PBXFileReference; fileEncoding = 4; lastKnownFileType = sourcecode.c.h; path = AFNetworking.h; sourceTree = "<group>"; };
		84F2F0A519E9BD7600A6A97F /* AFNetworkReachabilityManager.h */ = {isa = PBXFileReference; fileEncoding = 4; lastKnownFileType = sourcecode.c.h; path = AFNetworkReachabilityManager.h; sourceTree = "<group>"; };
		84F2F0A619E9BD7600A6A97F /* AFNetworkReachabilityManager.m */ = {isa = PBXFileReference; fileEncoding = 4; lastKnownFileType = sourcecode.c.objc; path = AFNetworkReachabilityManager.m; sourceTree = "<group>"; };
		84F2F0A719E9BD7600A6A97F /* AFSecurityPolicy.h */ = {isa = PBXFileReference; fileEncoding = 4; lastKnownFileType = sourcecode.c.h; path = AFSecurityPolicy.h; sourceTree = "<group>"; };
		84F2F0A819E9BD7600A6A97F /* AFSecurityPolicy.m */ = {isa = PBXFileReference; fileEncoding = 4; lastKnownFileType = sourcecode.c.objc; path = AFSecurityPolicy.m; sourceTree = "<group>"; };
		84F2F0A919E9BD7600A6A97F /* AFURLConnectionOperation.h */ = {isa = PBXFileReference; fileEncoding = 4; lastKnownFileType = sourcecode.c.h; path = AFURLConnectionOperation.h; sourceTree = "<group>"; };
		84F2F0AA19E9BD7600A6A97F /* AFURLConnectionOperation.m */ = {isa = PBXFileReference; fileEncoding = 4; lastKnownFileType = sourcecode.c.objc; path = AFURLConnectionOperation.m; sourceTree = "<group>"; };
		84F2F0AB19E9BD7600A6A97F /* AFURLRequestSerialization.h */ = {isa = PBXFileReference; fileEncoding = 4; lastKnownFileType = sourcecode.c.h; path = AFURLRequestSerialization.h; sourceTree = "<group>"; };
		84F2F0AC19E9BD7600A6A97F /* AFURLRequestSerialization.m */ = {isa = PBXFileReference; fileEncoding = 4; lastKnownFileType = sourcecode.c.objc; path = AFURLRequestSerialization.m; sourceTree = "<group>"; };
		84F2F0AD19E9BD7600A6A97F /* AFURLResponseSerialization.h */ = {isa = PBXFileReference; fileEncoding = 4; lastKnownFileType = sourcecode.c.h; path = AFURLResponseSerialization.h; sourceTree = "<group>"; };
		84F2F0AE19E9BD7600A6A97F /* AFURLResponseSerialization.m */ = {isa = PBXFileReference; fileEncoding = 4; lastKnownFileType = sourcecode.c.objc; path = AFURLResponseSerialization.m; sourceTree = "<group>"; };
		84F2F0AF19E9BD7600A6A97F /* AFURLSessionManager.h */ = {isa = PBXFileReference; fileEncoding = 4; lastKnownFileType = sourcecode.c.h; path = AFURLSessionManager.h; sourceTree = "<group>"; };
		84F2F0B019E9BD7600A6A97F /* AFURLSessionManager.m */ = {isa = PBXFileReference; fileEncoding = 4; lastKnownFileType = sourcecode.c.objc; path = AFURLSessionManager.m; sourceTree = "<group>"; };
		84F2F0BB19E9BD8300A6A97F /* AFNetworkActivityIndicatorManager.h */ = {isa = PBXFileReference; fileEncoding = 4; lastKnownFileType = sourcecode.c.h; path = AFNetworkActivityIndicatorManager.h; sourceTree = "<group>"; };
		84F2F0BC19E9BD8300A6A97F /* AFNetworkActivityIndicatorManager.m */ = {isa = PBXFileReference; fileEncoding = 4; lastKnownFileType = sourcecode.c.objc; path = AFNetworkActivityIndicatorManager.m; sourceTree = "<group>"; };
		84F2F0BD19E9BD8300A6A97F /* UIActivityIndicatorView+AFNetworking.h */ = {isa = PBXFileReference; fileEncoding = 4; lastKnownFileType = sourcecode.c.h; path = "UIActivityIndicatorView+AFNetworking.h"; sourceTree = "<group>"; };
		84F2F0BE19E9BD8300A6A97F /* UIActivityIndicatorView+AFNetworking.m */ = {isa = PBXFileReference; fileEncoding = 4; lastKnownFileType = sourcecode.c.objc; path = "UIActivityIndicatorView+AFNetworking.m"; sourceTree = "<group>"; };
		84F2F0BF19E9BD8300A6A97F /* UIAlertView+AFNetworking.h */ = {isa = PBXFileReference; fileEncoding = 4; lastKnownFileType = sourcecode.c.h; path = "UIAlertView+AFNetworking.h"; sourceTree = "<group>"; };
		84F2F0C019E9BD8300A6A97F /* UIAlertView+AFNetworking.m */ = {isa = PBXFileReference; fileEncoding = 4; lastKnownFileType = sourcecode.c.objc; path = "UIAlertView+AFNetworking.m"; sourceTree = "<group>"; };
		84F2F0C119E9BD8300A6A97F /* UIButton+AFNetworking.h */ = {isa = PBXFileReference; fileEncoding = 4; lastKnownFileType = sourcecode.c.h; path = "UIButton+AFNetworking.h"; sourceTree = "<group>"; };
		84F2F0C219E9BD8300A6A97F /* UIButton+AFNetworking.m */ = {isa = PBXFileReference; fileEncoding = 4; lastKnownFileType = sourcecode.c.objc; path = "UIButton+AFNetworking.m"; sourceTree = "<group>"; };
		84F2F0C319E9BD8300A6A97F /* UIImageView+AFNetworking.h */ = {isa = PBXFileReference; fileEncoding = 4; lastKnownFileType = sourcecode.c.h; path = "UIImageView+AFNetworking.h"; sourceTree = "<group>"; };
		84F2F0C419E9BD8300A6A97F /* UIImageView+AFNetworking.m */ = {isa = PBXFileReference; fileEncoding = 4; lastKnownFileType = sourcecode.c.objc; path = "UIImageView+AFNetworking.m"; sourceTree = "<group>"; };
		84F2F0C519E9BD8300A6A97F /* UIKit+AFNetworking.h */ = {isa = PBXFileReference; fileEncoding = 4; lastKnownFileType = sourcecode.c.h; path = "UIKit+AFNetworking.h"; sourceTree = "<group>"; };
		84F2F0C619E9BD8300A6A97F /* UIProgressView+AFNetworking.h */ = {isa = PBXFileReference; fileEncoding = 4; lastKnownFileType = sourcecode.c.h; path = "UIProgressView+AFNetworking.h"; sourceTree = "<group>"; };
		84F2F0C719E9BD8300A6A97F /* UIProgressView+AFNetworking.m */ = {isa = PBXFileReference; fileEncoding = 4; lastKnownFileType = sourcecode.c.objc; path = "UIProgressView+AFNetworking.m"; sourceTree = "<group>"; };
		84F2F0C819E9BD8300A6A97F /* UIRefreshControl+AFNetworking.h */ = {isa = PBXFileReference; fileEncoding = 4; lastKnownFileType = sourcecode.c.h; path = "UIRefreshControl+AFNetworking.h"; sourceTree = "<group>"; };
		84F2F0C919E9BD8300A6A97F /* UIRefreshControl+AFNetworking.m */ = {isa = PBXFileReference; fileEncoding = 4; lastKnownFileType = sourcecode.c.objc; path = "UIRefreshControl+AFNetworking.m"; sourceTree = "<group>"; };
		84F2F0CA19E9BD8300A6A97F /* UIWebView+AFNetworking.h */ = {isa = PBXFileReference; fileEncoding = 4; lastKnownFileType = sourcecode.c.h; path = "UIWebView+AFNetworking.h"; sourceTree = "<group>"; };
		84F2F0CB19E9BD8300A6A97F /* UIWebView+AFNetworking.m */ = {isa = PBXFileReference; fileEncoding = 4; lastKnownFileType = sourcecode.c.objc; path = "UIWebView+AFNetworking.m"; sourceTree = "<group>"; };
/* End PBXFileReference section */

/* Begin PBXFrameworksBuildPhase section */
		84F2F07119E9692B00A6A97F /* Frameworks */ = {
			isa = PBXFrameworksBuildPhase;
			buildActionMask = 2147483647;
			files = (
			);
			runOnlyForDeploymentPostprocessing = 0;
		};
		84F2F08A19E9692B00A6A97F /* Frameworks */ = {
			isa = PBXFrameworksBuildPhase;
			buildActionMask = 2147483647;
			files = (
			);
			runOnlyForDeploymentPostprocessing = 0;
		};
/* End PBXFrameworksBuildPhase section */

/* Begin PBXGroup section */
		84F2F06B19E9692B00A6A97F = {
			isa = PBXGroup;
			children = (
				84F2F0BA19E9BD8300A6A97F /* UIKit+AFNetworking */,
				84F2F09D19E9BD7600A6A97F /* AFNetworking */,
				84F2F07619E9692B00A6A97F /* SmartCard */,
				84F2F09019E9692B00A6A97F /* SmartCardTests */,
				84F2F07519E9692B00A6A97F /* Products */,
			);
			sourceTree = "<group>";
		};
		84F2F07519E9692B00A6A97F /* Products */ = {
			isa = PBXGroup;
			children = (
				84F2F07419E9692B00A6A97F /* SmartCard.app */,
				84F2F08D19E9692B00A6A97F /* SmartCardTests.xctest */,
			);
			name = Products;
			sourceTree = "<group>";
		};
		84F2F07619E9692B00A6A97F /* SmartCard */ = {
			isa = PBXGroup;
			children = (
				84F2F07B19E9692B00A6A97F /* AppDelegate.h */,
				84F2F07C19E9692B00A6A97F /* AppDelegate.m */,
				84F2F07E19E9692B00A6A97F /* ViewController.h */,
				84F2F07F19E9692B00A6A97F /* ViewController.m */,
				84F2F08119E9692B00A6A97F /* Main.storyboard */,
				84F2F08419E9692B00A6A97F /* Images.xcassets */,
				84F2F08619E9692B00A6A97F /* LaunchScreen.xib */,
				84F2F07719E9692B00A6A97F /* Supporting Files */,
			);
			path = SmartCard;
			sourceTree = "<group>";
		};
		84F2F07719E9692B00A6A97F /* Supporting Files */ = {
			isa = PBXGroup;
			children = (
				84F2F07819E9692B00A6A97F /* Info.plist */,
				84F2F07919E9692B00A6A97F /* main.m */,
			);
			name = "Supporting Files";
			sourceTree = "<group>";
		};
		84F2F09019E9692B00A6A97F /* SmartCardTests */ = {
			isa = PBXGroup;
			children = (
				84F2F09319E9692B00A6A97F /* SmartCardTests.m */,
				84F2F09119E9692B00A6A97F /* Supporting Files */,
			);
			path = SmartCardTests;
			sourceTree = "<group>";
		};
		84F2F09119E9692B00A6A97F /* Supporting Files */ = {
			isa = PBXGroup;
			children = (
				84F2F09219E9692B00A6A97F /* Info.plist */,
			);
			name = "Supporting Files";
			sourceTree = "<group>";
		};
		84F2F09D19E9BD7600A6A97F /* AFNetworking */ = {
			isa = PBXGroup;
			children = (
				84F2F09E19E9BD7600A6A97F /* AFHTTPRequestOperation.h */,
				84F2F09F19E9BD7600A6A97F /* AFHTTPRequestOperation.m */,
				84F2F0A019E9BD7600A6A97F /* AFHTTPRequestOperationManager.h */,
				84F2F0A119E9BD7600A6A97F /* AFHTTPRequestOperationManager.m */,
				84F2F0A219E9BD7600A6A97F /* AFHTTPSessionManager.h */,
				84F2F0A319E9BD7600A6A97F /* AFHTTPSessionManager.m */,
				84F2F0A419E9BD7600A6A97F /* AFNetworking.h */,
				84F2F0A519E9BD7600A6A97F /* AFNetworkReachabilityManager.h */,
				84F2F0A619E9BD7600A6A97F /* AFNetworkReachabilityManager.m */,
				84F2F0A719E9BD7600A6A97F /* AFSecurityPolicy.h */,
				84F2F0A819E9BD7600A6A97F /* AFSecurityPolicy.m */,
				84F2F0A919E9BD7600A6A97F /* AFURLConnectionOperation.h */,
				84F2F0AA19E9BD7600A6A97F /* AFURLConnectionOperation.m */,
				84F2F0AB19E9BD7600A6A97F /* AFURLRequestSerialization.h */,
				84F2F0AC19E9BD7600A6A97F /* AFURLRequestSerialization.m */,
				84F2F0AD19E9BD7600A6A97F /* AFURLResponseSerialization.h */,
				84F2F0AE19E9BD7600A6A97F /* AFURLResponseSerialization.m */,
				84F2F0AF19E9BD7600A6A97F /* AFURLSessionManager.h */,
				84F2F0B019E9BD7600A6A97F /* AFURLSessionManager.m */,
			);
			name = AFNetworking;
			path = SmartCard/AFNetworking;
			sourceTree = "<group>";
		};
		84F2F0BA19E9BD8300A6A97F /* UIKit+AFNetworking */ = {
			isa = PBXGroup;
			children = (
				84F2F0BB19E9BD8300A6A97F /* AFNetworkActivityIndicatorManager.h */,
				84F2F0BC19E9BD8300A6A97F /* AFNetworkActivityIndicatorManager.m */,
				84F2F0BD19E9BD8300A6A97F /* UIActivityIndicatorView+AFNetworking.h */,
				84F2F0BE19E9BD8300A6A97F /* UIActivityIndicatorView+AFNetworking.m */,
				84F2F0BF19E9BD8300A6A97F /* UIAlertView+AFNetworking.h */,
				84F2F0C019E9BD8300A6A97F /* UIAlertView+AFNetworking.m */,
				84F2F0C119E9BD8300A6A97F /* UIButton+AFNetworking.h */,
				84F2F0C219E9BD8300A6A97F /* UIButton+AFNetworking.m */,
				84F2F0C319E9BD8300A6A97F /* UIImageView+AFNetworking.h */,
				84F2F0C419E9BD8300A6A97F /* UIImageView+AFNetworking.m */,
				84F2F0C519E9BD8300A6A97F /* UIKit+AFNetworking.h */,
				84F2F0C619E9BD8300A6A97F /* UIProgressView+AFNetworking.h */,
				84F2F0C719E9BD8300A6A97F /* UIProgressView+AFNetworking.m */,
				84F2F0C819E9BD8300A6A97F /* UIRefreshControl+AFNetworking.h */,
				84F2F0C919E9BD8300A6A97F /* UIRefreshControl+AFNetworking.m */,
				84F2F0CA19E9BD8300A6A97F /* UIWebView+AFNetworking.h */,
				84F2F0CB19E9BD8300A6A97F /* UIWebView+AFNetworking.m */,
			);
			name = "UIKit+AFNetworking";
			path = "SmartCard/UIKit+AFNetworking";
			sourceTree = "<group>";
		};
/* End PBXGroup section */

/* Begin PBXNativeTarget section */
		84F2F07319E9692B00A6A97F /* SmartCard */ = {
			isa = PBXNativeTarget;
			buildConfigurationList = 84F2F09719E9692B00A6A97F /* Build configuration list for PBXNativeTarget "SmartCard" */;
			buildPhases = (
				84F2F07019E9692B00A6A97F /* Sources */,
				84F2F07119E9692B00A6A97F /* Frameworks */,
				84F2F07219E9692B00A6A97F /* Resources */,
			);
			buildRules = (
			);
			dependencies = (
			);
			name = SmartCard;
			productName = SmartCard;
			productReference = 84F2F07419E9692B00A6A97F /* SmartCard.app */;
			productType = "com.apple.product-type.application";
		};
		84F2F08C19E9692B00A6A97F /* SmartCardTests */ = {
			isa = PBXNativeTarget;
			buildConfigurationList = 84F2F09A19E9692B00A6A97F /* Build configuration list for PBXNativeTarget "SmartCardTests" */;
			buildPhases = (
				84F2F08919E9692B00A6A97F /* Sources */,
				84F2F08A19E9692B00A6A97F /* Frameworks */,
				84F2F08B19E9692B00A6A97F /* Resources */,
			);
			buildRules = (
			);
			dependencies = (
				84F2F08F19E9692B00A6A97F /* PBXTargetDependency */,
			);
			name = SmartCardTests;
			productName = SmartCardTests;
			productReference = 84F2F08D19E9692B00A6A97F /* SmartCardTests.xctest */;
			productType = "com.apple.product-type.bundle.unit-test";
		};
/* End PBXNativeTarget section */

/* Begin PBXProject section */
		84F2F06C19E9692B00A6A97F /* Project object */ = {
			isa = PBXProject;
			attributes = {
				LastUpgradeCheck = 0600;
				ORGANIZATIONNAME = Administrator;
				TargetAttributes = {
					84F2F07319E9692B00A6A97F = {
						CreatedOnToolsVersion = 6.0.1;
						DevelopmentTeam = 2S3D8J8M3T;
					};
					84F2F08C19E9692B00A6A97F = {
						CreatedOnToolsVersion = 6.0.1;
						TestTargetID = 84F2F07319E9692B00A6A97F;
					};
				};
			};
			buildConfigurationList = 84F2F06F19E9692B00A6A97F /* Build configuration list for PBXProject "SmartCard" */;
			compatibilityVersion = "Xcode 3.2";
			developmentRegion = English;
			hasScannedForEncodings = 0;
			knownRegions = (
				en,
				Base,
			);
			mainGroup = 84F2F06B19E9692B00A6A97F;
			productRefGroup = 84F2F07519E9692B00A6A97F /* Products */;
			projectDirPath = "";
			projectRoot = "";
			targets = (
				84F2F07319E9692B00A6A97F /* SmartCard */,
				84F2F08C19E9692B00A6A97F /* SmartCardTests */,
			);
		};
/* End PBXProject section */

/* Begin PBXResourcesBuildPhase section */
		84F2F07219E9692B00A6A97F /* Resources */ = {
			isa = PBXResourcesBuildPhase;
			buildActionMask = 2147483647;
			files = (
				84F2F08319E9692B00A6A97F /* Main.storyboard in Resources */,
				84F2F08819E9692B00A6A97F /* LaunchScreen.xib in Resources */,
				84F2F08519E9692B00A6A97F /* Images.xcassets in Resources */,
			);
			runOnlyForDeploymentPostprocessing = 0;
		};
		84F2F08B19E9692B00A6A97F /* Resources */ = {
			isa = PBXResourcesBuildPhase;
			buildActionMask = 2147483647;
			files = (
			);
			runOnlyForDeploymentPostprocessing = 0;
		};
/* End PBXResourcesBuildPhase section */

/* Begin PBXSourcesBuildPhase section */
		84F2F07019E9692B00A6A97F /* Sources */ = {
			isa = PBXSourcesBuildPhase;
			buildActionMask = 2147483647;
			files = (
				84F2F0B119E9BD7600A6A97F /* AFHTTPRequestOperation.m in Sources */,
				84F2F0D019E9BD8300A6A97F /* UIImageView+AFNetworking.m in Sources */,
				84F2F08019E9692B00A6A97F /* ViewController.m in Sources */,
				84F2F0B219E9BD7600A6A97F /* AFHTTPRequestOperationManager.m in Sources */,
				84F2F0D119E9BD8300A6A97F /* UIProgressView+AFNetworking.m in Sources */,
				84F2F0B419E9BD7600A6A97F /* AFNetworkReachabilityManager.m in Sources */,
				84F2F0B819E9BD7600A6A97F /* AFURLResponseSerialization.m in Sources */,
				84F2F0B619E9BD7600A6A97F /* AFURLConnectionOperation.m in Sources */,
				84F2F0CF19E9BD8300A6A97F /* UIButton+AFNetworking.m in Sources */,
				84F2F0CD19E9BD8300A6A97F /* UIActivityIndicatorView+AFNetworking.m in Sources */,
				84F2F0B519E9BD7600A6A97F /* AFSecurityPolicy.m in Sources */,
				84F2F0D219E9BD8300A6A97F /* UIRefreshControl+AFNetworking.m in Sources */,
				84F2F0D319E9BD8300A6A97F /* UIWebView+AFNetworking.m in Sources */,
				84F2F0B319E9BD7600A6A97F /* AFHTTPSessionManager.m in Sources */,
				84F2F0CE19E9BD8300A6A97F /* UIAlertView+AFNetworking.m in Sources */,
				84F2F0B719E9BD7600A6A97F /* AFURLRequestSerialization.m in Sources */,
				84F2F0CC19E9BD8300A6A97F /* AFNetworkActivityIndicatorManager.m in Sources */,
				84F2F0B919E9BD7600A6A97F /* AFURLSessionManager.m in Sources */,
				84F2F07D19E9692B00A6A97F /* AppDelegate.m in Sources */,
				84F2F07A19E9692B00A6A97F /* main.m in Sources */,
			);
			runOnlyForDeploymentPostprocessing = 0;
		};
		84F2F08919E9692B00A6A97F /* Sources */ = {
			isa = PBXSourcesBuildPhase;
			buildActionMask = 2147483647;
			files = (
				84F2F09419E9692B00A6A97F /* SmartCardTests.m in Sources */,
			);
			runOnlyForDeploymentPostprocessing = 0;
		};
/* End PBXSourcesBuildPhase section */

/* Begin PBXTargetDependency section */
		84F2F08F19E9692B00A6A97F /* PBXTargetDependency */ = {
			isa = PBXTargetDependency;
			target = 84F2F07319E9692B00A6A97F /* SmartCard */;
			targetProxy = 84F2F08E19E9692B00A6A97F /* PBXContainerItemProxy */;
		};
/* End PBXTargetDependency section */

/* Begin PBXVariantGroup section */
		84F2F08119E9692B00A6A97F /* Main.storyboard */ = {
			isa = PBXVariantGroup;
			children = (
				84F2F08219E9692B00A6A97F /* Base */,
			);
			name = Main.storyboard;
			sourceTree = "<group>";
		};
		84F2F08619E9692B00A6A97F /* LaunchScreen.xib */ = {
			isa = PBXVariantGroup;
			children = (
				84F2F08719E9692B00A6A97F /* Base */,
			);
			name = LaunchScreen.xib;
			sourceTree = "<group>";
		};
/* End PBXVariantGroup section */

/* Begin XCBuildConfiguration section */
		84F2F09519E9692B00A6A97F /* Debug */ = {
			isa = XCBuildConfiguration;
			buildSettings = {
				ALWAYS_SEARCH_USER_PATHS = NO;
				CLANG_CXX_LANGUAGE_STANDARD = "gnu++0x";
				CLANG_CXX_LIBRARY = "libc++";
				CLANG_ENABLE_MODULES = YES;
				CLANG_ENABLE_OBJC_ARC = YES;
				CLANG_WARN_BOOL_CONVERSION = YES;
				CLANG_WARN_CONSTANT_CONVERSION = YES;
				CLANG_WARN_DIRECT_OBJC_ISA_USAGE = YES_ERROR;
				CLANG_WARN_EMPTY_BODY = YES;
				CLANG_WARN_ENUM_CONVERSION = YES;
				CLANG_WARN_INT_CONVERSION = YES;
				CLANG_WARN_OBJC_ROOT_CLASS = YES_ERROR;
				CLANG_WARN_UNREACHABLE_CODE = YES;
				CLANG_WARN__DUPLICATE_METHOD_MATCH = YES;
				"CODE_SIGN_IDENTITY[sdk=iphoneos*]" = "iPhone Developer";
				COPY_PHASE_STRIP = NO;
				ENABLE_STRICT_OBJC_MSGSEND = YES;
				GCC_C_LANGUAGE_STANDARD = gnu99;
				GCC_DYNAMIC_NO_PIC = NO;
				GCC_OPTIMIZATION_LEVEL = 0;
				GCC_PREPROCESSOR_DEFINITIONS = (
					"DEBUG=1",
					"$(inherited)",
				);
				GCC_SYMBOLS_PRIVATE_EXTERN = NO;
				GCC_WARN_64_TO_32_BIT_CONVERSION = YES;
				GCC_WARN_ABOUT_RETURN_TYPE = YES_ERROR;
				GCC_WARN_UNDECLARED_SELECTOR = YES;
				GCC_WARN_UNINITIALIZED_AUTOS = YES_AGGRESSIVE;
				GCC_WARN_UNUSED_FUNCTION = YES;
				GCC_WARN_UNUSED_VARIABLE = YES;
				IPHONEOS_DEPLOYMENT_TARGET = 8.0;
				MTL_ENABLE_DEBUG_INFO = YES;
				ONLY_ACTIVE_ARCH = YES;
				SDKROOT = iphoneos;
				TARGETED_DEVICE_FAMILY = "1,2";
			};
			name = Debug;
		};
		84F2F09619E9692B00A6A97F /* Release */ = {
			isa = XCBuildConfiguration;
			buildSettings = {
				ALWAYS_SEARCH_USER_PATHS = NO;
				CLANG_CXX_LANGUAGE_STANDARD = "gnu++0x";
				CLANG_CXX_LIBRARY = "libc++";
				CLANG_ENABLE_MODULES = YES;
				CLANG_ENABLE_OBJC_ARC = YES;
				CLANG_WARN_BOOL_CONVERSION = YES;
				CLANG_WARN_CONSTANT_CONVERSION = YES;
				CLANG_WARN_DIRECT_OBJC_ISA_USAGE = YES_ERROR;
				CLANG_WARN_EMPTY_BODY = YES;
				CLANG_WARN_ENUM_CONVERSION = YES;
				CLANG_WARN_INT_CONVERSION = YES;
				CLANG_WARN_OBJC_ROOT_CLASS = YES_ERROR;
				CLANG_WARN_UNREACHABLE_CODE = YES;
				CLANG_WARN__DUPLICATE_METHOD_MATCH = YES;
				"CODE_SIGN_IDENTITY[sdk=iphoneos*]" = "iPhone Developer";
				COPY_PHASE_STRIP = YES;
				ENABLE_NS_ASSERTIONS = NO;
				ENABLE_STRICT_OBJC_MSGSEND = YES;
				GCC_C_LANGUAGE_STANDARD = gnu99;
				GCC_WARN_64_TO_32_BIT_CONVERSION = YES;
				GCC_WARN_ABOUT_RETURN_TYPE = YES_ERROR;
				GCC_WARN_UNDECLARED_SELECTOR = YES;
				GCC_WARN_UNINITIALIZED_AUTOS = YES_AGGRESSIVE;
				GCC_WARN_UNUSED_FUNCTION = YES;
				GCC_WARN_UNUSED_VARIABLE = YES;
				IPHONEOS_DEPLOYMENT_TARGET = 8.0;
				MTL_ENABLE_DEBUG_INFO = NO;
				SDKROOT = iphoneos;
				TARGETED_DEVICE_FAMILY = "1,2";
				VALIDATE_PRODUCT = YES;
			};
			name = Release;
		};
		84F2F09819E9692B00A6A97F /* Debug */ = {
			isa = XCBuildConfiguration;
			buildSettings = {
				ASSETCATALOG_COMPILER_APPICON_NAME = AppIcon;
				CODE_SIGN_IDENTITY = "iPhone Developer";
				"CODE_SIGN_IDENTITY[sdk=iphoneos*]" = "iPhone Developer";
				INFOPLIST_FILE = SmartCard/Info.plist;
				LD_RUNPATH_SEARCH_PATHS = "$(inherited) @executable_path/Frameworks";
				PRODUCT_NAME = "$(TARGET_NAME)";
				PROVISIONING_PROFILE = "";
			};
			name = Debug;
		};
		84F2F09919E9692B00A6A97F /* Release */ = {
			isa = XCBuildConfiguration;
			buildSettings = {
				ASSETCATALOG_COMPILER_APPICON_NAME = AppIcon;
				CODE_SIGN_IDENTITY = "iPhone Developer";
				"CODE_SIGN_IDENTITY[sdk=iphoneos*]" = "iPhone Developer";
				INFOPLIST_FILE = SmartCard/Info.plist;
				LD_RUNPATH_SEARCH_PATHS = "$(inherited) @executable_path/Frameworks";
				PRODUCT_NAME = "$(TARGET_NAME)";
				PROVISIONING_PROFILE = "";
			};
			name = Release;
		};
		84F2F09B19E9692B00A6A97F /* Debug */ = {
			isa = XCBuildConfiguration;
			buildSettings = {
				BUNDLE_LOADER = "$(TEST_HOST)";
				FRAMEWORK_SEARCH_PATHS = (
					"$(SDKROOT)/Developer/Library/Frameworks",
					"$(inherited)",
				);
				GCC_PREPROCESSOR_DEFINITIONS = (
					"DEBUG=1",
					"$(inherited)",
				);
				INFOPLIST_FILE = SmartCardTests/Info.plist;
				LD_RUNPATH_SEARCH_PATHS = "$(inherited) @executable_path/Frameworks @loader_path/Frameworks";
				PRODUCT_NAME = "$(TARGET_NAME)";
				TEST_HOST = "$(BUILT_PRODUCTS_DIR)/SmartCard.app/SmartCard";
			};
			name = Debug;
		};
		84F2F09C19E9692B00A6A97F /* Release */ = {
			isa = XCBuildConfiguration;
			buildSettings = {
				BUNDLE_LOADER = "$(TEST_HOST)";
				FRAMEWORK_SEARCH_PATHS = (
					"$(SDKROOT)/Developer/Library/Frameworks",
					"$(inherited)",
				);
				INFOPLIST_FILE = SmartCardTests/Info.plist;
				LD_RUNPATH_SEARCH_PATHS = "$(inherited) @executable_path/Frameworks @loader_path/Frameworks";
				PRODUCT_NAME = "$(TARGET_NAME)";
				TEST_HOST = "$(BUILT_PRODUCTS_DIR)/SmartCard.app/SmartCard";
			};
			name = Release;
		};
/* End XCBuildConfiguration section */

/* Begin XCConfigurationList section */
		84F2F06F19E9692B00A6A97F /* Build configuration list for PBXProject "SmartCard" */ = {
			isa = XCConfigurationList;
			buildConfigurations = (
				84F2F09519E9692B00A6A97F /* Debug */,
				84F2F09619E9692B00A6A97F /* Release */,
			);
			defaultConfigurationIsVisible = 0;
			defaultConfigurationName = Release;
		};
		84F2F09719E9692B00A6A97F /* Build configuration list for PBXNativeTarget "SmartCard" */ = {
			isa = XCConfigurationList;
			buildConfigurations = (
				84F2F09819E9692B00A6A97F /* Debug */,
				84F2F09919E9692B00A6A97F /* Release */,
			);
			defaultConfigurationIsVisible = 0;
			defaultConfigurationName = Release;
		};
		84F2F09A19E9692B00A6A97F /* Build configuration list for PBXNativeTarget "SmartCardTests" */ = {
			isa = XCConfigurationList;
			buildConfigurations = (
				84F2F09B19E9692B00A6A97F /* Debug */,
				84F2F09C19E9692B00A6A97F /* Release */,
			);
			defaultConfigurationIsVisible = 0;
			defaultConfigurationName = Release;
		};
/* End XCConfigurationList section */
	};
	rootObject = 84F2F06C19E9692B00A6A97F /* Project object */;
}
